
Microsoft Visual Studio Solution File, Format Version 12.00
# Visual Studio Version 17
VisualStudioVersion = 17.10.35013.160
MinimumVisualStudioVersion = 10.0.40219.1
Project("{FAE04EC0-301F-11D3-BF4B-00C04F79EFBC}") = "Samson-SearchandSortActivity", "Samson-SearchandSortActivity\Samson-SearchandSortActivity.csproj", "{22AEB1E0-2D96-4E62-A0D0-3215FB9586CA}"
EndProject
Global
	GlobalSection(SolutionConfigurationPlatforms) = preSolution
		Debug|Any CPU = Debug|Any CPU
		Release|Any CPU = Release|Any CPU
	EndGlobalSection
	GlobalSection(ProjectConfigurationPlatforms) = postSolution
		{22AEB1E0-2D96-4E62-A0D0-3215FB9586CA}.Debug|Any CPU.ActiveCfg = Debug|Any CPU
		{22AEB1E0-2D96-4E62-A0D0-3215FB9586CA}.Debug|Any CPU.Build.0 = Debug|Any CPU
		{22AEB1E0-2D96-4E62-A0D0-3215FB9586CA}.Release|Any CPU.ActiveCfg = Release|Any CPU
		{22AEB1E0-2D96-4E62-A0D0-3215FB9586CA}.Release|Any CPU.Build.0 = Release|Any CPU
	EndGlobalSection
	GlobalSection(SolutionProperties) = preSolution
		HideSolutionNode = FALSE
	EndGlobalSection
	GlobalSection(ExtensibilityGlobals) = postSolution
		SolutionGuid = {814009C0-2E9F-4185-AF5A-8EA7B61BF690}
	EndGlobalSection
EndGlobal
